
Microsoft Visual Studio Solution File, Format Version 12.00
# Visual Studio Version 17
VisualStudioVersion = 17.14.36930.0 d17.14
MinimumVisualStudioVersion = 10.0.40219.1
Project("{FAE04EC0-301F-11D3-BF4B-00C04F79EFBC}") = "10ArrayList", "10ArrayList\10ArrayList.csproj", "{4DB7D782-6E4D-4500-A512-ACD25C424B46}"
EndProject
Global
	GlobalSection(SolutionConfigurationPlatforms) = preSolution
		Debug|Any CPU = Debug|Any CPU
		Release|Any CPU = Release|Any CPU
	EndGlobalSection
	GlobalSection(ProjectConfigurationPlatforms) = postSolution
		{4DB7D782-6E4D-4500-A512-ACD25C424B46}.Debug|Any CPU.ActiveCfg = Debug|Any CPU
		{4DB7D782-6E4D-4500-A512-ACD25C424B46}.Debug|Any CPU.Build.0 = Debug|Any CPU
		{4DB7D782-6E4D-4500-A512-ACD25C424B46}.Release|Any CPU.ActiveCfg = Release|Any CPU
		{4DB7D782-6E4D-4500-A512-ACD25C424B46}.Release|Any CPU.Build.0 = Release|Any CPU
	EndGlobalSection
	GlobalSection(SolutionProperties) = preSolution
		HideSolutionNode = FALSE
	EndGlobalSection
	GlobalSection(ExtensibilityGlobals) = postSolution
		SolutionGuid = {D544DC56-E1E6-4DDB-B3CF-0002FC173F85}
	EndGlobalSection
EndGlobal
